
Microsoft Visual Studio Solution File, Format Version 12.00
# Visual Studio 15
VisualStudioVersion = 15.0.27703.2047
MinimumVisualStudioVersion = 10.0.40219.1
Project("{FAE04EC0-301F-11D3-BF4B-00C04F79EFBC}") = "Razor", "Razor\Razor.csproj", "{5D63F772-340B-46F5-BD97-5DC33ED2D295}"
EndProject
Global
	GlobalSection(SolutionConfigurationPlatforms) = preSolution
		Debug|Any CPU = Debug|Any CPU
		Release|Any CPU = Release|Any CPU
	EndGlobalSection
	GlobalSection(ProjectConfigurationPlatforms) = postSolution
		{5D63F772-340B-46F5-BD97-5DC33ED2D295}.Debug|Any CPU.ActiveCfg = Debug|Any CPU
		{5D63F772-340B-46F5-BD97-5DC33ED2D295}.Debug|Any CPU.Build.0 = Debug|Any CPU
		{5D63F772-340B-46F5-BD97-5DC33ED2D295}.Release|Any CPU.ActiveCfg = Release|Any CPU
		{5D63F772-340B-46F5-BD97-5DC33ED2D295}.Release|Any CPU.Build.0 = Release|Any CPU
	EndGlobalSection
	GlobalSection(SolutionProperties) = preSolution
		HideSolutionNode = FALSE
	EndGlobalSection
	GlobalSection(ExtensibilityGlobals) = postSolution
		SolutionGuid = {FBC65393-6B06-4B20-95B1-B1395A03CE94}
	EndGlobalSection
EndGlobal
